schema: '2.0'
stages:
  prepare_ml_data:
    cmd: python3 src/ml_data_prep.py
    deps:
    - path: data/raw
      hash: md5
      md5: 75163c275841f7976ff7de20ecd2a244.dir
      size: 3613359885
      nfiles: 7001
    - path: src/ml_data_prep.py
      hash: md5
      md5: a60bf2381e584660532556cc3624f743
      size: 2817
    outs:
    - path: data/processed/ml
      hash: md5
      md5: 88e5feb1ed2893170c1b250095fc74c8.dir
      size: 2050112
      nfiles: 4
