schema: '2.0'
stages:
  prepare_ml_data:
    cmd: python3 src/ml_data_prep.py
    deps:
    - path: data/raw
      hash: md5
      md5: 75163c275841f7976ff7de20ecd2a244.dir
      size: 3613359885
      nfiles: 7001
    - path: src/ml_data_prep.py
      hash: md5
      md5: bdd76f1fb2e64b925726245a8ce97df5
      size: 2858
    outs:
    - path: data/processed/ml
      hash: md5
      md5: 7ac9088537e2bc37fc024c2489994e55.dir
      size: 94853312
      nfiles: 4
